
Microsoft Visual Studio Solution File, Format Version 12.00
# Visual Studio Version 16
VisualStudioVersion = 16.0.28917.181
MinimumVisualStudioVersion = 10.0.40219.1
Project("{FAE04EC0-301F-11D3-BF4B-00C04F79EFBC}") = "PhotoNameChangerFinal", "PhotoNameChangerFinal.csproj", "{2F5464B9-AA85-4FC1-84A4-FB534D6F4BE6}"
EndProject
Global
	GlobalSection(SolutionConfigurationPlatforms) = preSolution
		Debug|Any CPU = Debug|Any CPU
		Release|Any CPU = Release|Any CPU
	EndGlobalSection
	GlobalSection(ProjectConfigurationPlatforms) = postSolution
		{2F5464B9-AA85-4FC1-84A4-FB534D6F4BE6}.Debug|Any CPU.ActiveCfg = Debug|Any CPU
		{2F5464B9-AA85-4FC1-84A4-FB534D6F4BE6}.Debug|Any CPU.Build.0 = Debug|Any CPU
		{2F5464B9-AA85-4FC1-84A4-FB534D6F4BE6}.Release|Any CPU.ActiveCfg = Release|Any CPU
		{2F5464B9-AA85-4FC1-84A4-FB534D6F4BE6}.Release|Any CPU.Build.0 = Release|Any CPU
	EndGlobalSection
	GlobalSection(SolutionProperties) = preSolution
		HideSolutionNode = FALSE
	EndGlobalSection
	GlobalSection(ExtensibilityGlobals) = postSolution
		SolutionGuid = {199C6B24-FE7F-46F2-86A9-EEBF84FF28CA}
	EndGlobalSection
EndGlobal
